
Microsoft Visual Studio Solution File, Format Version 12.00
# Visual Studio Version 16
VisualStudioVersion = 16.0.30002.166
MinimumVisualStudioVersion = 10.0.40219.1
Project("{FAE04EC0-301F-11D3-BF4B-00C04F79EFBC}") = "Thready2", "Thready\Thready2.csproj", "{11BF472F-A96E-42FB-AB13-C8F636DA082C}"
EndProject
Global
	GlobalSection(SolutionConfigurationPlatforms) = preSolution
		Debug|Any CPU = Debug|Any CPU
		Release|Any CPU = Release|Any CPU
	EndGlobalSection
	GlobalSection(ProjectConfigurationPlatforms) = postSolution
		{11BF472F-A96E-42FB-AB13-C8F636DA082C}.Debug|Any CPU.ActiveCfg = Debug|Any CPU
		{11BF472F-A96E-42FB-AB13-C8F636DA082C}.Debug|Any CPU.Build.0 = Debug|Any CPU
		{11BF472F-A96E-42FB-AB13-C8F636DA082C}.Release|Any CPU.ActiveCfg = Release|Any CPU
		{11BF472F-A96E-42FB-AB13-C8F636DA082C}.Release|Any CPU.Build.0 = Release|Any CPU
	EndGlobalSection
	GlobalSection(SolutionProperties) = preSolution
		HideSolutionNode = FALSE
	EndGlobalSection
	GlobalSection(ExtensibilityGlobals) = postSolution
		SolutionGuid = {7641EFE8-38ED-48BD-B718-3C2701AB0E75}
	EndGlobalSection
EndGlobal
